
Microsoft Visual Studio Solution File, Format Version 12.00
# Visual Studio Version 16
VisualStudioVersion = 16.0.810.7
MinimumVisualStudioVersion = 10.0.40219.1
Project("{FAE04EC0-301F-11D3-BF4B-00C04F79EFBC}") = "ParallelDI", "ParallelDI.csproj", "{4FFD063A-36F0-4699-9AA5-F58E63892371}"
EndProject
Global
	GlobalSection(SolutionConfigurationPlatforms) = preSolution
		Debug|Any CPU = Debug|Any CPU
		Release|Any CPU = Release|Any CPU
	EndGlobalSection
	GlobalSection(ProjectConfigurationPlatforms) = postSolution
		{4FFD063A-36F0-4699-9AA5-F58E63892371}.Debug|Any CPU.ActiveCfg = Debug|Any CPU
		{4FFD063A-36F0-4699-9AA5-F58E63892371}.Debug|Any CPU.Build.0 = Debug|Any CPU
		{4FFD063A-36F0-4699-9AA5-F58E63892371}.Release|Any CPU.ActiveCfg = Release|Any CPU
		{4FFD063A-36F0-4699-9AA5-F58E63892371}.Release|Any CPU.Build.0 = Release|Any CPU
	EndGlobalSection
	GlobalSection(SolutionProperties) = preSolution
		HideSolutionNode = FALSE
	EndGlobalSection
	GlobalSection(ExtensibilityGlobals) = postSolution
		SolutionGuid = {26874FD4-966F-49BE-A8F6-59B2C1E597A4}
	EndGlobalSection
EndGlobal
